<?xml version="1.0" encoding="utf-8"?>
<Project ToolsVersion="4.0" xmlns="http://schemas.microsoft.com/developer/msbuild/2003">
  <ItemGroup>
    <Filter Include="소스 파일">
      <UniqueIdentifier>{4FC737F1-C7A5-4376-A066-2A32D752A2FF}</UniqueIdentifier>
      <Extensions>cpp;c;cc;cxx;c++;cppm;ixx;def;odl;idl;hpj;bat;asm;asmx</Extensions>
    </Filter>
    <Filter Include="헤더 파일">
      <UniqueIdentifier>{93995380-89BD-4b04-88EB-625FBE52EBFB}</UniqueIdentifier>
      <Extensions>h;hh;hpp;hxx;h++;hm;inl;inc;ipp;xsd</Extensions>
    </Filter>
    <Filter Include="리소스 파일">
      <UniqueIdentifier>{67DA6AB6-F800-4c08-8B7A-83BB121AAD01}</UniqueIdentifier>
      <Extensions>rc;ico;cur;bmp;dlg;rc2;rct;bin;rgs;gif;jpg;jpeg;jpe;resx;tiff;tif;png;wav;mfcribbon-ms</Extensions>
    </Filter>
    <Filter Include="CharacterMng">
      <UniqueIdentifier>{a0d67ca2-8a06-474d-97bf-0c9e621a34e1}</UniqueIdentifier>
    </Filter>
    <Filter Include="GameMng">
      <UniqueIdentifier>{38d8ebaa-132f-4018-a790-7476af27c8cf}</UniqueIdentifier>
    </Filter>
  </ItemGroup>
  <ItemGroup>
    <ClCompile Include="main.cpp">
      <Filter>소스 파일</Filter>
    </ClCompile>
    <ClCompile Include="CharacterInfo.cpp">
      <Filter>CharacterMng</Filter>
    </ClCompile>
    <ClCompile Include="GameManager.cpp">
      <Filter>GameMng</Filter>
    </ClCompile>
  </ItemGroup>
  <ItemGroup>
    <ClInclude Include="CharacterInfo.h">
      <Filter>CharacterMng</Filter>
    </ClInclude>
    <ClInclude Include="GameManager.h">
      <Filter>GameMng</Filter>
    </ClInclude>
  </ItemGroup>
</Project>